// !$*UTF8*$!
{
	archiveVersion = 1;
	classes = {
	};
	objectVersion = 46;
	objects = {

/* Begin PBXBuildFile section */
		1D8EB6BC13B3DB46003B70DB /* Cocoa.framework in Frameworks */ = {isa = PBXBuildFile; fileRef = 1D8EB6BB13B3DB46003B70DB /* Cocoa.framework */; };
		1D8EB6C613B3DB46003B70DB /* InfoPlist.strings in Resources */ = {isa = PBXBuildFile; fileRef = 1D8EB6C413B3DB46003B70DB /* InfoPlist.strings */; };
		1D8EB6C913B3DB46003B70DB /* main.m in Sources */ = {isa = PBXBuildFile; fileRef = 1D8EB6C813B3DB46003B70DB /* main.m */; };
		1D8EB6CC13B3DB46003B70DB /* Credits.rtf in Resources */ = {isa = PBXBuildFile; fileRef = 1D8EB6CA13B3DB46003B70DB /* Credits.rtf */; };
		1D8EB6CF13B3DB46003B70DB /* ActionBoyAppDelegate.m in Sources */ = {isa = PBXBuildFile; fileRef = 1D8EB6CE13B3DB46003B70DB /* ActionBoyAppDelegate.m */; };
		1D8EB6D213B3DB46003B70DB /* MainMenu.xib in Resources */ = {isa = PBXBuildFile; fileRef = 1D8EB6D013B3DB46003B70DB /* MainMenu.xib */; };
/* End PBXBuildFile section */

/* Begin PBXFileReference section */
		1D8EB6B713B3DB46003B70DB /* ActionBoy.app */ = {isa = PBXFileReference; explicitFileType = wrapper.application; includeInIndex = 0; path = ActionBoy.app; sourceTree = BUILT_PRODUCTS_DIR; };
		1D8EB6BB13B3DB46003B70DB /* Cocoa.framework */ = {isa = PBXFileReference; lastKnownFileType = wrapper.framework; name = Cocoa.framework; path = System/Library/Frameworks/Cocoa.framework; sourceTree = SDKROOT; };
		1D8EB6BE13B3DB46003B70DB /* AppKit.framework */ = {isa = PBXFileReference; lastKnownFileType = wrapper.framework; name = AppKit.framework; path = System/Library/Frameworks/AppKit.framework; sourceTree = SDKROOT; };
		1D8EB6BF13B3DB46003B70DB /* CoreData.framework */ = {isa = PBXFileReference; lastKnownFileType = wrapper.framework; name = CoreData.framework; path = System/Library/Frameworks/CoreData.framework; sourceTree = SDKROOT; };
		1D8EB6C013B3DB46003B70DB /* Foundation.framework */ = {isa = PBXFileReference; lastKnownFileType = wrapper.framework; name = Foundation.framework; path = System/Library/Frameworks/Foundation.framework; sourceTree = SDKROOT; };
		1D8EB6C313B3DB46003B70DB /* ActionBoy-Info.plist */ = {isa = PBXFileReference; lastKnownFileType = text.plist.xml; path = "ActionBoy-Info.plist"; sourceTree = "<group>"; };
		1D8EB6C513B3DB46003B70DB /* en */ = {isa = PBXFileReference; lastKnownFileType = text.plist.strings; name = en; path = en.lproj/InfoPlist.strings; sourceTree = "<group>"; };
		1D8EB6C713B3DB46003B70DB /* ActionBoy-Prefix.pch */ = {isa = PBXFileReference; lastKnownFileType = sourcecode.c.h; path = "ActionBoy-Prefix.pch"; sourceTree = "<group>"; };
		1D8EB6C813B3DB46003B70DB /* main.m */ = {isa = PBXFileReference; lastKnownFileType = sourcecode.c.objc; path = main.m; sourceTree = "<group>"; };
		1D8EB6CB13B3DB46003B70DB /* en */ = {isa = PBXFileReference; lastKnownFileType = text.rtf; name = en; path = en.lproj/Credits.rtf; sourceTree = "<group>"; };
		1D8EB6CD13B3DB46003B70DB /* ActionBoyAppDelegate.h */ = {isa = PBXFileReference; lastKnownFileType = sourcecode.c.h; path = ActionBoyAppDelegate.h; sourceTree = "<group>"; };
		1D8EB6CE13B3DB46003B70DB /* ActionBoyAppDelegate.m */ = {isa = PBXFileReference; lastKnownFileType = sourcecode.c.objc; path = ActionBoyAppDelegate.m; sourceTree = "<group>"; };
		1D8EB6D113B3DB46003B70DB /* en */ = {isa = PBXFileReference; lastKnownFileType = file.xib; name = en; path = en.lproj/MainMenu.xib; sourceTree = "<group>"; };
/* End PBXFileReference section */

/* Begin PBXFrameworksBuildPhase section */
		1D8EB6B413B3DB46003B70DB /* Frameworks */ = {
			isa = PBXFrameworksBuildPhase;
			buildActionMask = 2147483647;
			files = (
				1D8EB6BC13B3DB46003B70DB /* Cocoa.framework in Frameworks */,
			);
			runOnlyForDeploymentPostprocessing = 0;
		};
/* End PBXFrameworksBuildPhase section */

/* Begin PBXGroup section */
		1D8EB6AC13B3DB46003B70DB = {
			isa = PBXGroup;
			children = (
				1D8EB6C113B3DB46003B70DB /* ActionBoy */,
				1D8EB6BA13B3DB46003B70DB /* Frameworks */,
				1D8EB6B813B3DB46003B70DB /* Products */,
			);
			sourceTree = "<group>";
		};
		1D8EB6B813B3DB46003B70DB /* Products */ = {
			isa = PBXGroup;
			children = (
				1D8EB6B713B3DB46003B70DB /* ActionBoy.app */,
			);
			name = Products;
			sourceTree = "<group>";
		};
		1D8EB6BA13B3DB46003B70DB /* Frameworks */ = {
			isa = PBXGroup;
			children = (
				1D8EB6BB13B3DB46003B70DB /* Cocoa.framework */,
				1D8EB6BD13B3DB46003B70DB /* Other Frameworks */,
			);
			name = Frameworks;
			sourceTree = "<group>";
		};
		1D8EB6BD13B3DB46003B70DB /* Other Frameworks */ = {
			isa = PBXGroup;
			children = (
				1D8EB6BE13B3DB46003B70DB /* AppKit.framework */,
				1D8EB6BF13B3DB46003B70DB /* CoreData.framework */,
				1D8EB6C013B3DB46003B70DB /* Foundation.framework */,
			);
			name = "Other Frameworks";
			sourceTree = "<group>";
		};
		1D8EB6C113B3DB46003B70DB /* ActionBoy */ = {
			isa = PBXGroup;
			children = (
				1D8EB6CD13B3DB46003B70DB /* ActionBoyAppDelegate.h */,
				1D8EB6CE13B3DB46003B70DB /* ActionBoyAppDelegate.m */,
				1D8EB6D013B3DB46003B70DB /* MainMenu.xib */,
				1D8EB6C213B3DB46003B70DB /* Supporting Files */,
			);
			path = ActionBoy;
			sourceTree = "<group>";
		};
		1D8EB6C213B3DB46003B70DB /* Supporting Files */ = {
			isa = PBXGroup;
			children = (
				1D8EB6C313B3DB46003B70DB /* ActionBoy-Info.plist */,
				1D8EB6C413B3DB46003B70DB /* InfoPlist.strings */,
				1D8EB6C713B3DB46003B70DB /* ActionBoy-Prefix.pch */,
				1D8EB6C813B3DB46003B70DB /* main.m */,
				1D8EB6CA13B3DB46003B70DB /* Credits.rtf */,
			);
			name = "Supporting Files";
			sourceTree = "<group>";
		};
/* End PBXGroup section */

/* Begin PBXNativeTarget section */
		1D8EB6B613B3DB46003B70DB /* ActionBoy */ = {
			isa = PBXNativeTarget;
			buildConfigurationList = 1D8EB6D513B3DB46003B70DB /* Build configuration list for PBXNativeTarget "ActionBoy" */;
			buildPhases = (
				1D8EB6B313B3DB46003B70DB /* Sources */,
				1D8EB6B413B3DB46003B70DB /* Frameworks */,
				1D8EB6B513B3DB46003B70DB /* Resources */,
			);
			buildRules = (
			);
			dependencies = (
			);
			name = ActionBoy;
			productName = ActionBoy;
			productReference = 1D8EB6B713B3DB46003B70DB /* ActionBoy.app */;
			productType = "com.apple.product-type.application";
		};
/* End PBXNativeTarget section */

/* Begin PBXProject section */
		1D8EB6AE13B3DB46003B70DB /* Project object */ = {
			isa = PBXProject;
			attributes = {
				ORGANIZATIONNAME = "From Concentrate Software";
			};
			buildConfigurationList = 1D8EB6B113B3DB46003B70DB /* Build configuration list for PBXProject "ActionBoy" */;
			compatibilityVersion = "Xcode 3.2";
			developmentRegion = English;
			hasScannedForEncodings = 0;
			knownRegions = (
				en,
			);
			mainGroup = 1D8EB6AC13B3DB46003B70DB;
			productRefGroup = 1D8EB6B813B3DB46003B70DB /* Products */;
			projectDirPath = "";
			projectRoot = "";
			targets = (
				1D8EB6B613B3DB46003B70DB /* ActionBoy */,
			);
		};
/* End PBXProject section */

/* Begin PBXResourcesBuildPhase section */
		1D8EB6B513B3DB46003B70DB /* Resources */ = {
			isa = PBXResourcesBuildPhase;
			buildActionMask = 2147483647;
			files = (
				1D8EB6C613B3DB46003B70DB /* InfoPlist.strings in Resources */,
				1D8EB6CC13B3DB46003B70DB /* Credits.rtf in Resources */,
				1D8EB6D213B3DB46003B70DB /* MainMenu.xib in Resources */,
			);
			runOnlyForDeploymentPostprocessing = 0;
		};
/* End PBXResourcesBuildPhase section */

/* Begin PBXSourcesBuildPhase section */
		1D8EB6B313B3DB46003B70DB /* Sources */ = {
			isa = PBXSourcesBuildPhase;
			buildActionMask = 2147483647;
			files = (
				1D8EB6C913B3DB46003B70DB /* main.m in Sources */,
				1D8EB6CF13B3DB46003B70DB /* ActionBoyAppDelegate.m in Sources */,
			);
			runOnlyForDeploymentPostprocessing = 0;
		};
/* End PBXSourcesBuildPhase section */

/* Begin PBXVariantGroup section */
		1D8EB6C413B3DB46003B70DB /* InfoPlist.strings */ = {
			isa = PBXVariantGroup;
			children = (
				1D8EB6C513B3DB46003B70DB /* en */,
			);
			name = InfoPlist.strings;
			sourceTree = "<group>";
		};
		1D8EB6CA13B3DB46003B70DB /* Credits.rtf */ = {
			isa = PBXVariantGroup;
			children = (
				1D8EB6CB13B3DB46003B70DB /* en */,
			);
			name = Credits.rtf;
			sourceTree = "<group>";
		};
		1D8EB6D013B3DB46003B70DB /* MainMenu.xib */ = {
			isa = PBXVariantGroup;
			children = (
				1D8EB6D113B3DB46003B70DB /* en */,
			);
			name = MainMenu.xib;
			sourceTree = "<group>";
		};
/* End PBXVariantGroup section */

/* Begin XCBuildConfiguration section */
		1D8EB6D313B3DB46003B70DB /* Debug */ = {
			isa = XCBuildConfiguration;
			buildSettings = {
				ARCHS = "$(ARCHS_STANDARD_32_64_BIT)";
				GCC_C_LANGUAGE_STANDARD = gnu99;
				GCC_OPTIMIZATION_LEVEL = 0;
				GCC_PREPROCESSOR_DEFINITIONS = DEBUG;
				GCC_SYMBOLS_PRIVATE_EXTERN = NO;
				GCC_VERSION = com.apple.compilers.llvm.clang.1_0;
				GCC_WARN_64_TO_32_BIT_CONVERSION = YES;
				GCC_WARN_ABOUT_RETURN_TYPE = YES;
				GCC_WARN_UNUSED_VARIABLE = YES;
				MACOSX_DEPLOYMENT_TARGET = 10.6;
				ONLY_ACTIVE_ARCH = YES;
				SDKROOT = macosx;
			};
			name = Debug;
		};
		1D8EB6D413B3DB46003B70DB /* Release */ = {
			isa = XCBuildConfiguration;
			buildSettings = {
				ARCHS = "$(ARCHS_STANDARD_32_64_BIT)";
				GCC_C_LANGUAGE_STANDARD = gnu99;
				GCC_VERSION = com.apple.compilers.llvm.clang.1_0;
				GCC_WARN_64_TO_32_BIT_CONVERSION = YES;
				GCC_WARN_ABOUT_RETURN_TYPE = YES;
				GCC_WARN_UNUSED_VARIABLE = YES;
				MACOSX_DEPLOYMENT_TARGET = 10.6;
				SDKROOT = macosx;
			};
			name = Release;
		};
		1D8EB6D613B3DB46003B70DB /* Debug */ = {
			isa = XCBuildConfiguration;
			buildSettings = {
				ALWAYS_SEARCH_USER_PATHS = NO;
				COPY_PHASE_STRIP = NO;
				GCC_DYNAMIC_NO_PIC = NO;
				GCC_ENABLE_OBJC_EXCEPTIONS = YES;
				GCC_PRECOMPILE_PREFIX_HEADER = YES;
				GCC_PREFIX_HEADER = "ActionBoy/ActionBoy-Prefix.pch";
				INFOPLIST_FILE = "ActionBoy/ActionBoy-Info.plist";
				PRODUCT_NAME = "$(TARGET_NAME)";
				WRAPPER_EXTENSION = app;
			};
			name = Debug;
		};
		1D8EB6D713B3DB46003B70DB /* Release */ = {
			isa = XCBuildConfiguration;
			buildSettings = {
				ALWAYS_SEARCH_USER_PATHS = NO;
				COPY_PHASE_STRIP = YES;
				DEBUG_INFORMATION_FORMAT = "dwarf-with-dsym";
				GCC_ENABLE_OBJC_EXCEPTIONS = YES;
				GCC_PRECOMPILE_PREFIX_HEADER = YES;
				GCC_PREFIX_HEADER = "ActionBoy/ActionBoy-Prefix.pch";
				INFOPLIST_FILE = "ActionBoy/ActionBoy-Info.plist";
				PRODUCT_NAME = "$(TARGET_NAME)";
				WRAPPER_EXTENSION = app;
			};
			name = Release;
		};
/* End XCBuildConfiguration section */

/* Begin XCConfigurationList section */
		1D8EB6B113B3DB46003B70DB /* Build configuration list for PBXProject "ActionBoy" */ = {
			isa = XCConfigurationList;
			buildConfigurations = (
				1D8EB6D313B3DB46003B70DB /* Debug */,
				1D8EB6D413B3DB46003B70DB /* Release */,
			);
			defaultConfigurationIsVisible = 0;
			defaultConfigurationName = Release;
		};
		1D8EB6D513B3DB46003B70DB /* Build configuration list for PBXNativeTarget "ActionBoy" */ = {
			isa = XCConfigurationList;
			buildConfigurations = (
				1D8EB6D613B3DB46003B70DB /* Debug */,
				1D8EB6D713B3DB46003B70DB /* Release */,
			);
			defaultConfigurationIsVisible = 0;
		};
/* End XCConfigurationList section */
	};
	rootObject = 1D8EB6AE13B3DB46003B70DB /* Project object */;
}
