// !$*UTF8*$!
{
	archiveVersion = 1;
	classes = {
	};
	objectVersion = 46;
	objects = {

/* Begin PBXBuildFile section */
		1D1970E513B4C67C003C5E24 /* MainWindowController+PrivateMethods.m in Sources */ = {isa = PBXBuildFile; fileRef = 1D1970E413B4C67C003C5E24 /* MainWindowController+PrivateMethods.m */; };
		1D1970F213B4C904003C5E24 /* ToggleView.m in Sources */ = {isa = PBXBuildFile; fileRef = 1D1970F113B4C904003C5E24 /* ToggleView.m */; };
		1D1970FA13B4CCC4003C5E24 /* AddActionSheet.xib in Resources */ = {isa = PBXBuildFile; fileRef = 1D1970F913B4CCC4003C5E24 /* AddActionSheet.xib */; };
		1D29BA5F13C00A5000DF131E /* ArrayToStringTransformer.m in Sources */ = {isa = PBXBuildFile; fileRef = 1D29BA5E13C00A5000DF131E /* ArrayToStringTransformer.m */; };
		1D2B43A413C11542003EB589 /* FolderAction.m in Sources */ = {isa = PBXBuildFile; fileRef = 1D2B43A313C11542003EB589 /* FolderAction.m */; };
		1D2B43A913C28259003EB589 /* FolderActionToStringTransformer.m in Sources */ = {isa = PBXBuildFile; fileRef = 1D2B43A813C28259003EB589 /* FolderActionToStringTransformer.m */; };
		1D62E36C13BC1AAE00F59675 /* AddActionController.m in Sources */ = {isa = PBXBuildFile; fileRef = 1D62E36B13BC1AAE00F59675 /* AddActionController.m */; };
		1D8EB6BC13B3DB46003B70DB /* Cocoa.framework in Frameworks */ = {isa = PBXBuildFile; fileRef = 1D8EB6BB13B3DB46003B70DB /* Cocoa.framework */; };
		1D8EB6C613B3DB46003B70DB /* InfoPlist.strings in Resources */ = {isa = PBXBuildFile; fileRef = 1D8EB6C413B3DB46003B70DB /* InfoPlist.strings */; };
		1D8EB6C913B3DB46003B70DB /* main.m in Sources */ = {isa = PBXBuildFile; fileRef = 1D8EB6C813B3DB46003B70DB /* main.m */; };
		1D8EB6CC13B3DB46003B70DB /* Credits.rtf in Resources */ = {isa = PBXBuildFile; fileRef = 1D8EB6CA13B3DB46003B70DB /* Credits.rtf */; };
		1D8EB6CF13B3DB46003B70DB /* ActionBoyAppDelegate.m in Sources */ = {isa = PBXBuildFile; fileRef = 1D8EB6CE13B3DB46003B70DB /* ActionBoyAppDelegate.m */; };
		1D8EB6D213B3DB46003B70DB /* MainMenu.xib in Resources */ = {isa = PBXBuildFile; fileRef = 1D8EB6D013B3DB46003B70DB /* MainMenu.xib */; };
		1D8EB6E213B3E09C003B70DB /* NSApplescript+FCSAdditions.m in Sources */ = {isa = PBXBuildFile; fileRef = 1D8EB6E113B3E09C003B70DB /* NSApplescript+FCSAdditions.m */; };
		1D8EB6E613B3E17F003B70DB /* FolderActionStatus.scpt in Resources */ = {isa = PBXBuildFile; fileRef = 1D8EB6E513B3E17F003B70DB /* FolderActionStatus.scpt */; };
		1D8EB6E813B3E191003B70DB /* MainWindow.xib in Resources */ = {isa = PBXBuildFile; fileRef = 1D8EB6E713B3E191003B70DB /* MainWindow.xib */; };
		1D8EB6EB13B3E249003B70DB /* MainWindowController.m in Sources */ = {isa = PBXBuildFile; fileRef = 1D8EB6EA13B3E249003B70DB /* MainWindowController.m */; };
		1D8EB6ED13B3F476003B70DB /* Carbon.framework in Frameworks */ = {isa = PBXBuildFile; fileRef = 1D8EB6EC13B3F476003B70DB /* Carbon.framework */; };
/* End PBXBuildFile section */

/* Begin PBXFileReference section */
		1D1970E313B4C67C003C5E24 /* MainWindowController+PrivateMethods.h */ = {isa = PBXFileReference; fileEncoding = 4; lastKnownFileType = sourcecode.c.h; path = "MainWindowController+PrivateMethods.h"; sourceTree = "<group>"; };
		1D1970E413B4C67C003C5E24 /* MainWindowController+PrivateMethods.m */ = {isa = PBXFileReference; fileEncoding = 4; lastKnownFileType = sourcecode.c.objc; path = "MainWindowController+PrivateMethods.m"; sourceTree = "<group>"; };
		1D1970F013B4C904003C5E24 /* ToggleView.h */ = {isa = PBXFileReference; fileEncoding = 4; lastKnownFileType = sourcecode.c.h; path = ToggleView.h; sourceTree = "<group>"; };
		1D1970F113B4C904003C5E24 /* ToggleView.m */ = {isa = PBXFileReference; fileEncoding = 4; lastKnownFileType = sourcecode.c.objc; path = ToggleView.m; sourceTree = "<group>"; };
		1D1970F913B4CCC4003C5E24 /* AddActionSheet.xib */ = {isa = PBXFileReference; fileEncoding = 4; lastKnownFileType = file.xib; path = AddActionSheet.xib; sourceTree = "<group>"; };
		1D29BA5D13C00A5000DF131E /* ArrayToStringTransformer.h */ = {isa = PBXFileReference; fileEncoding = 4; lastKnownFileType = sourcecode.c.h; path = ArrayToStringTransformer.h; sourceTree = "<group>"; };
		1D29BA5E13C00A5000DF131E /* ArrayToStringTransformer.m */ = {isa = PBXFileReference; fileEncoding = 4; lastKnownFileType = sourcecode.c.objc; path = ArrayToStringTransformer.m; sourceTree = "<group>"; };
		1D2B43A213C11542003EB589 /* FolderAction.h */ = {isa = PBXFileReference; fileEncoding = 4; lastKnownFileType = sourcecode.c.h; path = FolderAction.h; sourceTree = "<group>"; };
		1D2B43A313C11542003EB589 /* FolderAction.m */ = {isa = PBXFileReference; fileEncoding = 4; lastKnownFileType = sourcecode.c.objc; path = FolderAction.m; sourceTree = "<group>"; };
		1D2B43A613C2702B003EB589 /* common.h */ = {isa = PBXFileReference; fileEncoding = 4; lastKnownFileType = sourcecode.c.h; path = common.h; sourceTree = "<group>"; };
		1D2B43A713C28259003EB589 /* FolderActionToStringTransformer.h */ = {isa = PBXFileReference; fileEncoding = 4; lastKnownFileType = sourcecode.c.h; path = FolderActionToStringTransformer.h; sourceTree = "<group>"; };
		1D2B43A813C28259003EB589 /* FolderActionToStringTransformer.m */ = {isa = PBXFileReference; fileEncoding = 4; lastKnownFileType = sourcecode.c.objc; path = FolderActionToStringTransformer.m; sourceTree = "<group>"; };
		1D62E36A13BC1AAE00F59675 /* AddActionController.h */ = {isa = PBXFileReference; fileEncoding = 4; lastKnownFileType = sourcecode.c.h; path = AddActionController.h; sourceTree = "<group>"; };
		1D62E36B13BC1AAE00F59675 /* AddActionController.m */ = {isa = PBXFileReference; fileEncoding = 4; lastKnownFileType = sourcecode.c.objc; path = AddActionController.m; sourceTree = "<group>"; };
		1D8EB6B713B3DB46003B70DB /* ActionBoy.app */ = {isa = PBXFileReference; explicitFileType = wrapper.application; includeInIndex = 0; path = ActionBoy.app; sourceTree = BUILT_PRODUCTS_DIR; };
		1D8EB6BB13B3DB46003B70DB /* Cocoa.framework */ = {isa = PBXFileReference; lastKnownFileType = wrapper.framework; name = Cocoa.framework; path = System/Library/Frameworks/Cocoa.framework; sourceTree = SDKROOT; };
		1D8EB6BE13B3DB46003B70DB /* AppKit.framework */ = {isa = PBXFileReference; lastKnownFileType = wrapper.framework; name = AppKit.framework; path = System/Library/Frameworks/AppKit.framework; sourceTree = SDKROOT; };
		1D8EB6BF13B3DB46003B70DB /* CoreData.framework */ = {isa = PBXFileReference; lastKnownFileType = wrapper.framework; name = CoreData.framework; path = System/Library/Frameworks/CoreData.framework; sourceTree = SDKROOT; };
		1D8EB6C013B3DB46003B70DB /* Foundation.framework */ = {isa = PBXFileReference; lastKnownFileType = wrapper.framework; name = Foundation.framework; path = System/Library/Frameworks/Foundation.framework; sourceTree = SDKROOT; };
		1D8EB6C313B3DB46003B70DB /* ActionBoy-Info.plist */ = {isa = PBXFileReference; lastKnownFileType = text.plist.xml; path = "ActionBoy-Info.plist"; sourceTree = "<group>"; };
		1D8EB6C513B3DB46003B70DB /* en */ = {isa = PBXFileReference; lastKnownFileType = text.plist.strings; name = en; path = en.lproj/InfoPlist.strings; sourceTree = "<group>"; };
		1D8EB6C713B3DB46003B70DB /* ActionBoy-Prefix.pch */ = {isa = PBXFileReference; lastKnownFileType = sourcecode.c.h; path = "ActionBoy-Prefix.pch"; sourceTree = "<group>"; };
		1D8EB6C813B3DB46003B70DB /* main.m */ = {isa = PBXFileReference; lastKnownFileType = sourcecode.c.objc; path = main.m; sourceTree = "<group>"; };
		1D8EB6CB13B3DB46003B70DB /* en */ = {isa = PBXFileReference; lastKnownFileType = text.rtf; name = en; path = en.lproj/Credits.rtf; sourceTree = "<group>"; };
		1D8EB6CD13B3DB46003B70DB /* ActionBoyAppDelegate.h */ = {isa = PBXFileReference; lastKnownFileType = sourcecode.c.h; path = ActionBoyAppDelegate.h; sourceTree = "<group>"; };
		1D8EB6CE13B3DB46003B70DB /* ActionBoyAppDelegate.m */ = {isa = PBXFileReference; lastKnownFileType = sourcecode.c.objc; path = ActionBoyAppDelegate.m; sourceTree = "<group>"; };
		1D8EB6D113B3DB46003B70DB /* en */ = {isa = PBXFileReference; lastKnownFileType = file.xib; name = en; path = en.lproj/MainMenu.xib; sourceTree = "<group>"; };
		1D8EB6E013B3E09C003B70DB /* NSApplescript+FCSAdditions.h */ = {isa = PBXFileReference; fileEncoding = 4; lastKnownFileType = sourcecode.c.h; name = "NSApplescript+FCSAdditions.h"; path = "../../FCSFramework/NSApplescript+FCSAdditions.h"; sourceTree = "<group>"; };
		1D8EB6E113B3E09C003B70DB /* NSApplescript+FCSAdditions.m */ = {isa = PBXFileReference; fileEncoding = 4; lastKnownFileType = sourcecode.c.objc; name = "NSApplescript+FCSAdditions.m"; path = "../../FCSFramework/NSApplescript+FCSAdditions.m"; sourceTree = "<group>"; };
		1D8EB6E513B3E17F003B70DB /* FolderActionStatus.scpt */ = {isa = PBXFileReference; lastKnownFileType = file; path = FolderActionStatus.scpt; sourceTree = "<group>"; };
		1D8EB6E713B3E191003B70DB /* MainWindow.xib */ = {isa = PBXFileReference; fileEncoding = 4; lastKnownFileType = file.xib; name = MainWindow.xib; path = ../MainWindow.xib; sourceTree = "<group>"; };
		1D8EB6E913B3E249003B70DB /* MainWindowController.h */ = {isa = PBXFileReference; fileEncoding = 4; lastKnownFileType = sourcecode.c.h; path = MainWindowController.h; sourceTree = "<group>"; };
		1D8EB6EA13B3E249003B70DB /* MainWindowController.m */ = {isa = PBXFileReference; fileEncoding = 4; lastKnownFileType = sourcecode.c.objc; path = MainWindowController.m; sourceTree = "<group>"; };
		1D8EB6EC13B3F476003B70DB /* Carbon.framework */ = {isa = PBXFileReference; lastKnownFileType = wrapper.framework; name = Carbon.framework; path = System/Library/Frameworks/Carbon.framework; sourceTree = SDKROOT; };
/* End PBXFileReference section */

/* Begin PBXFrameworksBuildPhase section */
		1D8EB6B413B3DB46003B70DB /* Frameworks */ = {
			isa = PBXFrameworksBuildPhase;
			buildActionMask = 2147483647;
			files = (
				1D8EB6ED13B3F476003B70DB /* Carbon.framework in Frameworks */,
				1D8EB6BC13B3DB46003B70DB /* Cocoa.framework in Frameworks */,
			);
			runOnlyForDeploymentPostprocessing = 0;
		};
/* End PBXFrameworksBuildPhase section */

/* Begin PBXGroup section */
		1D29BA6013C00A5F00DF131E /* Custom Views */ = {
			isa = PBXGroup;
			children = (
				1D1970F013B4C904003C5E24 /* ToggleView.h */,
				1D1970F113B4C904003C5E24 /* ToggleView.m */,
			);
			name = "Custom Views";
			sourceTree = "<group>";
		};
		1D29BA6113C00A6B00DF131E /* Helper Objects */ = {
			isa = PBXGroup;
			children = (
				1D2B43A613C2702B003EB589 /* common.h */,
				1D29BA5D13C00A5000DF131E /* ArrayToStringTransformer.h */,
				1D29BA5E13C00A5000DF131E /* ArrayToStringTransformer.m */,
				1D2B43A213C11542003EB589 /* FolderAction.h */,
				1D2B43A313C11542003EB589 /* FolderAction.m */,
				1D2B43A713C28259003EB589 /* FolderActionToStringTransformer.h */,
				1D2B43A813C28259003EB589 /* FolderActionToStringTransformer.m */,
			);
			name = "Helper Objects";
			sourceTree = "<group>";
		};
		1D29BA6213C00A7B00DF131E /* Controllers */ = {
			isa = PBXGroup;
			children = (
				1D8EB6CD13B3DB46003B70DB /* ActionBoyAppDelegate.h */,
				1D8EB6CE13B3DB46003B70DB /* ActionBoyAppDelegate.m */,
				1D8EB6E913B3E249003B70DB /* MainWindowController.h */,
				1D8EB6EA13B3E249003B70DB /* MainWindowController.m */,
				1D1970E313B4C67C003C5E24 /* MainWindowController+PrivateMethods.h */,
				1D1970E413B4C67C003C5E24 /* MainWindowController+PrivateMethods.m */,
				1D62E36A13BC1AAE00F59675 /* AddActionController.h */,
				1D62E36B13BC1AAE00F59675 /* AddActionController.m */,
			);
			name = Controllers;
			sourceTree = "<group>";
		};
		1D29BA6313C00A8400DF131E /* XIBs */ = {
			isa = PBXGroup;
			children = (
				1D8EB6D013B3DB46003B70DB /* MainMenu.xib */,
				1D8EB6E713B3E191003B70DB /* MainWindow.xib */,
				1D1970F913B4CCC4003C5E24 /* AddActionSheet.xib */,
			);
			name = XIBs;
			sourceTree = "<group>";
		};
		1D8EB6AC13B3DB46003B70DB = {
			isa = PBXGroup;
			children = (
				1D8EB6C113B3DB46003B70DB /* ActionBoy */,
				1D8EB6BA13B3DB46003B70DB /* Frameworks */,
				1D8EB6B813B3DB46003B70DB /* Products */,
			);
			sourceTree = "<group>";
		};
		1D8EB6B813B3DB46003B70DB /* Products */ = {
			isa = PBXGroup;
			children = (
				1D8EB6B713B3DB46003B70DB /* ActionBoy.app */,
			);
			name = Products;
			sourceTree = "<group>";
		};
		1D8EB6BA13B3DB46003B70DB /* Frameworks */ = {
			isa = PBXGroup;
			children = (
				1D8EB6EC13B3F476003B70DB /* Carbon.framework */,
				1D8EB6BB13B3DB46003B70DB /* Cocoa.framework */,
				1D8EB6BD13B3DB46003B70DB /* Other Frameworks */,
			);
			name = Frameworks;
			sourceTree = "<group>";
		};
		1D8EB6BD13B3DB46003B70DB /* Other Frameworks */ = {
			isa = PBXGroup;
			children = (
				1D8EB6BE13B3DB46003B70DB /* AppKit.framework */,
				1D8EB6BF13B3DB46003B70DB /* CoreData.framework */,
				1D8EB6C013B3DB46003B70DB /* Foundation.framework */,
			);
			name = "Other Frameworks";
			sourceTree = "<group>";
		};
		1D8EB6C113B3DB46003B70DB /* ActionBoy */ = {
			isa = PBXGroup;
			children = (
				1D29BA6013C00A5F00DF131E /* Custom Views */,
				1D29BA6113C00A6B00DF131E /* Helper Objects */,
				1D8EB6E413B3E0A3003B70DB /* FCS Sources */,
				1D29BA6213C00A7B00DF131E /* Controllers */,
				1D29BA6313C00A8400DF131E /* XIBs */,
				1D8EB6C213B3DB46003B70DB /* Supporting Files */,
			);
			path = ActionBoy;
			sourceTree = "<group>";
		};
		1D8EB6C213B3DB46003B70DB /* Supporting Files */ = {
			isa = PBXGroup;
			children = (
				1D8EB6E513B3E17F003B70DB /* FolderActionStatus.scpt */,
				1D8EB6C313B3DB46003B70DB /* ActionBoy-Info.plist */,
				1D8EB6C413B3DB46003B70DB /* InfoPlist.strings */,
				1D8EB6C713B3DB46003B70DB /* ActionBoy-Prefix.pch */,
				1D8EB6C813B3DB46003B70DB /* main.m */,
				1D8EB6CA13B3DB46003B70DB /* Credits.rtf */,
			);
			name = "Supporting Files";
			sourceTree = "<group>";
		};
		1D8EB6E413B3E0A3003B70DB /* FCS Sources */ = {
			isa = PBXGroup;
			children = (
				1D8EB6E013B3E09C003B70DB /* NSApplescript+FCSAdditions.h */,
				1D8EB6E113B3E09C003B70DB /* NSApplescript+FCSAdditions.m */,
			);
			name = "FCS Sources";
			sourceTree = "<group>";
		};
/* End PBXGroup section */

/* Begin PBXNativeTarget section */
		1D8EB6B613B3DB46003B70DB /* ActionBoy */ = {
			isa = PBXNativeTarget;
			buildConfigurationList = 1D8EB6D513B3DB46003B70DB /* Build configuration list for PBXNativeTarget "ActionBoy" */;
			buildPhases = (
				1D8EB6B313B3DB46003B70DB /* Sources */,
				1D8EB6B413B3DB46003B70DB /* Frameworks */,
				1D8EB6B513B3DB46003B70DB /* Resources */,
			);
			buildRules = (
			);
			dependencies = (
			);
			name = ActionBoy;
			productName = ActionBoy;
			productReference = 1D8EB6B713B3DB46003B70DB /* ActionBoy.app */;
			productType = "com.apple.product-type.application";
		};
/* End PBXNativeTarget section */

/* Begin PBXProject section */
		1D8EB6AE13B3DB46003B70DB /* Project object */ = {
			isa = PBXProject;
			attributes = {
				ORGANIZATIONNAME = "From Concentrate Software";
			};
			buildConfigurationList = 1D8EB6B113B3DB46003B70DB /* Build configuration list for PBXProject "ActionBoy" */;
			compatibilityVersion = "Xcode 3.2";
			developmentRegion = English;
			hasScannedForEncodings = 0;
			knownRegions = (
				en,
			);
			mainGroup = 1D8EB6AC13B3DB46003B70DB;
			productRefGroup = 1D8EB6B813B3DB46003B70DB /* Products */;
			projectDirPath = "";
			projectRoot = "";
			targets = (
				1D8EB6B613B3DB46003B70DB /* ActionBoy */,
			);
		};
/* End PBXProject section */

/* Begin PBXResourcesBuildPhase section */
		1D8EB6B513B3DB46003B70DB /* Resources */ = {
			isa = PBXResourcesBuildPhase;
			buildActionMask = 2147483647;
			files = (
				1D8EB6C613B3DB46003B70DB /* InfoPlist.strings in Resources */,
				1D8EB6CC13B3DB46003B70DB /* Credits.rtf in Resources */,
				1D8EB6D213B3DB46003B70DB /* MainMenu.xib in Resources */,
				1D8EB6E613B3E17F003B70DB /* FolderActionStatus.scpt in Resources */,
				1D8EB6E813B3E191003B70DB /* MainWindow.xib in Resources */,
				1D1970FA13B4CCC4003C5E24 /* AddActionSheet.xib in Resources */,
			);
			runOnlyForDeploymentPostprocessing = 0;
		};
/* End PBXResourcesBuildPhase section */

/* Begin PBXSourcesBuildPhase section */
		1D8EB6B313B3DB46003B70DB /* Sources */ = {
			isa = PBXSourcesBuildPhase;
			buildActionMask = 2147483647;
			files = (
				1D8EB6C913B3DB46003B70DB /* main.m in Sources */,
				1D8EB6CF13B3DB46003B70DB /* ActionBoyAppDelegate.m in Sources */,
				1D8EB6E213B3E09C003B70DB /* NSApplescript+FCSAdditions.m in Sources */,
				1D8EB6EB13B3E249003B70DB /* MainWindowController.m in Sources */,
				1D1970E513B4C67C003C5E24 /* MainWindowController+PrivateMethods.m in Sources */,
				1D1970F213B4C904003C5E24 /* ToggleView.m in Sources */,
				1D62E36C13BC1AAE00F59675 /* AddActionController.m in Sources */,
				1D29BA5F13C00A5000DF131E /* ArrayToStringTransformer.m in Sources */,
				1D2B43A413C11542003EB589 /* FolderAction.m in Sources */,
				1D2B43A913C28259003EB589 /* FolderActionToStringTransformer.m in Sources */,
			);
			runOnlyForDeploymentPostprocessing = 0;
		};
/* End PBXSourcesBuildPhase section */

/* Begin PBXVariantGroup section */
		1D8EB6C413B3DB46003B70DB /* InfoPlist.strings */ = {
			isa = PBXVariantGroup;
			children = (
				1D8EB6C513B3DB46003B70DB /* en */,
			);
			name = InfoPlist.strings;
			sourceTree = "<group>";
		};
		1D8EB6CA13B3DB46003B70DB /* Credits.rtf */ = {
			isa = PBXVariantGroup;
			children = (
				1D8EB6CB13B3DB46003B70DB /* en */,
			);
			name = Credits.rtf;
			sourceTree = "<group>";
		};
		1D8EB6D013B3DB46003B70DB /* MainMenu.xib */ = {
			isa = PBXVariantGroup;
			children = (
				1D8EB6D113B3DB46003B70DB /* en */,
			);
			name = MainMenu.xib;
			sourceTree = "<group>";
		};
/* End PBXVariantGroup section */

/* Begin XCBuildConfiguration section */
		1D8EB6D313B3DB46003B70DB /* Debug */ = {
			isa = XCBuildConfiguration;
			buildSettings = {
				ARCHS = "$(ARCHS_STANDARD_32_64_BIT)";
				GCC_C_LANGUAGE_STANDARD = gnu99;
				GCC_OPTIMIZATION_LEVEL = 0;
				GCC_PREPROCESSOR_DEFINITIONS = DEBUG;
				GCC_SYMBOLS_PRIVATE_EXTERN = NO;
				GCC_VERSION = com.apple.compilers.llvm.clang.1_0;
				GCC_WARN_64_TO_32_BIT_CONVERSION = YES;
				GCC_WARN_ABOUT_RETURN_TYPE = YES;
				GCC_WARN_UNUSED_VARIABLE = YES;
				MACOSX_DEPLOYMENT_TARGET = 10.6;
				ONLY_ACTIVE_ARCH = YES;
				SDKROOT = macosx;
			};
			name = Debug;
		};
		1D8EB6D413B3DB46003B70DB /* Release */ = {
			isa = XCBuildConfiguration;
			buildSettings = {
				ARCHS = "$(ARCHS_STANDARD_32_64_BIT)";
				GCC_C_LANGUAGE_STANDARD = gnu99;
				GCC_VERSION = com.apple.compilers.llvm.clang.1_0;
				GCC_WARN_64_TO_32_BIT_CONVERSION = YES;
				GCC_WARN_ABOUT_RETURN_TYPE = YES;
				GCC_WARN_UNUSED_VARIABLE = YES;
				MACOSX_DEPLOYMENT_TARGET = 10.6;
				SDKROOT = macosx;
			};
			name = Release;
		};
		1D8EB6D613B3DB46003B70DB /* Debug */ = {
			isa = XCBuildConfiguration;
			buildSettings = {
				ALWAYS_SEARCH_USER_PATHS = NO;
				COPY_PHASE_STRIP = NO;
				GCC_DYNAMIC_NO_PIC = NO;
				GCC_ENABLE_OBJC_EXCEPTIONS = YES;
				GCC_PRECOMPILE_PREFIX_HEADER = YES;
				GCC_PREFIX_HEADER = "ActionBoy/ActionBoy-Prefix.pch";
				INFOPLIST_FILE = "ActionBoy/ActionBoy-Info.plist";
				PRODUCT_NAME = "$(TARGET_NAME)";
				WRAPPER_EXTENSION = app;
			};
			name = Debug;
		};
		1D8EB6D713B3DB46003B70DB /* Release */ = {
			isa = XCBuildConfiguration;
			buildSettings = {
				ALWAYS_SEARCH_USER_PATHS = NO;
				COPY_PHASE_STRIP = YES;
				DEBUG_INFORMATION_FORMAT = "dwarf-with-dsym";
				GCC_ENABLE_OBJC_EXCEPTIONS = YES;
				GCC_PRECOMPILE_PREFIX_HEADER = YES;
				GCC_PREFIX_HEADER = "ActionBoy/ActionBoy-Prefix.pch";
				INFOPLIST_FILE = "ActionBoy/ActionBoy-Info.plist";
				PRODUCT_NAME = "$(TARGET_NAME)";
				WRAPPER_EXTENSION = app;
			};
			name = Release;
		};
/* End XCBuildConfiguration section */

/* Begin XCConfigurationList section */
		1D8EB6B113B3DB46003B70DB /* Build configuration list for PBXProject "ActionBoy" */ = {
			isa = XCConfigurationList;
			buildConfigurations = (
				1D8EB6D313B3DB46003B70DB /* Debug */,
				1D8EB6D413B3DB46003B70DB /* Release */,
			);
			defaultConfigurationIsVisible = 0;
			defaultConfigurationName = Release;
		};
		1D8EB6D513B3DB46003B70DB /* Build configuration list for PBXNativeTarget "ActionBoy" */ = {
			isa = XCConfigurationList;
			buildConfigurations = (
				1D8EB6D613B3DB46003B70DB /* Debug */,
				1D8EB6D713B3DB46003B70DB /* Release */,
			);
			defaultConfigurationIsVisible = 0;
			defaultConfigurationName = Release;
		};
/* End XCConfigurationList section */
	};
	rootObject = 1D8EB6AE13B3DB46003B70DB /* Project object */;
}
